# THIS IS AN AUTOGENERATED FILE. DO NOT EDIT THIS FILE DIRECTLY.
# yarn lockfile v1


bs-platform@^6.2.0:
  version "6.2.0"
  resolved "https://registry.yarnpkg.com/bs-platform/-/bs-platform-6.2.0.tgz#a6a4f3dab8bedc9daf6efc864865654efe49e65d"
  integrity sha512-UU/X6LvOLzDZ8QEDTzANvAhuztD9rqbATodWW1bUwAtgHKLT7KCXdhX/UmVwHU3j4+fAE4rExdVfXb7FqnsLdg==
